
Microsoft Visual Studio Solution File, Format Version 12.00
# Visual Studio Version 17
VisualStudioVersion = 17.5.002.0
MinimumVisualStudioVersion = 10.0.40219.1
Project("{9A19103F-16F7-4668-BE54-9A1E7A4F7556}") = "Translation.Web", "Translation.Web.csproj", "{E767594D-6084-4087-BBEC-E51EDF4DDE90}"
EndProject
Global
	GlobalSection(SolutionConfigurationPlatforms) = preSolution
		Debug|Any CPU = Debug|Any CPU
		Release|Any CPU = Release|Any CPU
	EndGlobalSection
	GlobalSection(ProjectConfigurationPlatforms) = postSolution
		{E767594D-6084-4087-BBEC-E51EDF4DDE90}.Debug|Any CPU.ActiveCfg = Debug|Any CPU
		{E767594D-6084-4087-BBEC-E51EDF4DDE90}.Debug|Any CPU.Build.0 = Debug|Any CPU
		{E767594D-6084-4087-BBEC-E51EDF4DDE90}.Release|Any CPU.ActiveCfg = Release|Any CPU
		{E767594D-6084-4087-BBEC-E51EDF4DDE90}.Release|Any CPU.Build.0 = Release|Any CPU
	EndGlobalSection
	GlobalSection(SolutionProperties) = preSolution
		HideSolutionNode = FALSE
	EndGlobalSection
	GlobalSection(ExtensibilityGlobals) = postSolution
		SolutionGuid = {153A42FA-006B-465B-9E0A-C76218741EED}
	EndGlobalSection
EndGlobal
